<?xml version="1.0" encoding="utf-8"?>
<Project ToolsVersion="4.0" xmlns="http://schemas.microsoft.com/developer/msbuild/2003">
  <ItemGroup>
    <Filter Include="Kame">
      <UniqueIdentifier>{03DB877C-EF11-890D-98FE-6E108414050F}</UniqueIdentifier>
    </Filter>
    <Filter Include="Kame\Events">
      <UniqueIdentifier>{87A5FE1F-F35A-7715-7C4F-71ECE8036E19}</UniqueIdentifier>
    </Filter>
    <Filter Include="Kame\Platform">
      <UniqueIdentifier>{B72A5C36-23EB-D76C-EC25-21EA58A51C49}</UniqueIdentifier>
    </Filter>
    <Filter Include="Kame\Platform\GLFW">
      <UniqueIdentifier>{5630E136-4214-A28C-AB74-9CDF97778C0E}</UniqueIdentifier>
    </Filter>
  </ItemGroup>
  <ItemGroup>
    <ClInclude Include="src\Kame.h" />
    <ClInclude Include="src\Kame\Application.h">
      <Filter>Kame</Filter>
    </ClInclude>
    <ClInclude Include="src\Kame\Core.h">
      <Filter>Kame</Filter>
    </ClInclude>
    <ClInclude Include="src\Kame\Entrypoint.h">
      <Filter>Kame</Filter>
    </ClInclude>
    <ClInclude Include="src\Kame\Events\ApplicationEvent.h">
      <Filter>Kame\Events</Filter>
    </ClInclude>
    <ClInclude Include="src\Kame\Events\Event.h">
      <Filter>Kame\Events</Filter>
    </ClInclude>
    <ClInclude Include="src\Kame\Events\KeyEvent.h">
      <Filter>Kame\Events</Filter>
    </ClInclude>
    <ClInclude Include="src\Kame\Events\MouseEvent.h">
      <Filter>Kame\Events</Filter>
    </ClInclude>
    <ClInclude Include="src\Kame\Layer.h">
      <Filter>Kame</Filter>
    </ClInclude>
    <ClInclude Include="src\Kame\LayerStack.h">
      <Filter>Kame</Filter>
    </ClInclude>
    <ClInclude Include="src\Kame\Log.h">
      <Filter>Kame</Filter>
    </ClInclude>
    <ClInclude Include="src\Kame\Platform\GLFW\GLFWWindow.h">
      <Filter>Kame\Platform\GLFW</Filter>
    </ClInclude>
    <ClInclude Include="src\Kame\Window.h">
      <Filter>Kame</Filter>
    </ClInclude>
    <ClInclude Include="src\kmpch.h" />
  </ItemGroup>
  <ItemGroup>
    <ClCompile Include="src\Kame\Application.cpp">
      <Filter>Kame</Filter>
    </ClCompile>
    <ClCompile Include="src\Kame\Layer.cpp">
      <Filter>Kame</Filter>
    </ClCompile>
    <ClCompile Include="src\Kame\LayerStack.cpp">
      <Filter>Kame</Filter>
    </ClCompile>
    <ClCompile Include="src\Kame\Log.cpp">
      <Filter>Kame</Filter>
    </ClCompile>
    <ClCompile Include="src\Kame\Platform\GLFW\GLFWWindow.cpp">
      <Filter>Kame\Platform\GLFW</Filter>
    </ClCompile>
    <ClCompile Include="src\kmpch.cpp" />
  </ItemGroup>
</Project>