<?xml version="1.0" encoding="utf-8"?>
<Project ToolsVersion="4.0" xmlns="http://schemas.microsoft.com/developer/msbuild/2003">
  <ItemGroup>
    <Filter Include="Kame">
      <UniqueIdentifier>{03DB877C-EF11-890D-98FE-6E108414050F}</UniqueIdentifier>
    </Filter>
    <Filter Include="Kame\Events">
      <UniqueIdentifier>{87A5FE1F-F35A-7715-7C4F-71ECE8036E19}</UniqueIdentifier>
    </Filter>
    <Filter Include="Kame\Graphics">
      <UniqueIdentifier>{A3B6A1B5-0F77-1DEC-D8B1-6669443162C8}</UniqueIdentifier>
    </Filter>
    <Filter Include="Kame\ImGui">
      <UniqueIdentifier>{6D46B7F1-59FE-F83E-C205-D29AAEDC932F}</UniqueIdentifier>
    </Filter>
    <Filter Include="Kame\Math">
      <UniqueIdentifier>{BC99264D-2804-DBC3-7142-8C69DDEBB818}</UniqueIdentifier>
    </Filter>
    <Filter Include="Kame\Memory">
      <UniqueIdentifier>{0BB17831-7766-F126-005B-EBFD6C0FE82A}</UniqueIdentifier>
    </Filter>
    <Filter Include="Kame\Platform">
      <UniqueIdentifier>{B72A5C36-23EB-D76C-EC25-21EA58A51C49}</UniqueIdentifier>
    </Filter>
    <Filter Include="Kame\Platform\DirectX12">
      <UniqueIdentifier>{3CDDA534-A814-EECB-B11E-52EF1DD514C5}</UniqueIdentifier>
    </Filter>
    <Filter Include="Kame\Platform\DirectX12\Graphics">
      <UniqueIdentifier>{FC48FC6A-E899-E7AC-11FE-D56EFDAD7A16}</UniqueIdentifier>
    </Filter>
    <Filter Include="Kame\Platform\DirectX12\Graphics\Shaders">
      <UniqueIdentifier>{D5A927A0-C126-1BE3-EAA3-1BF7D67FB776}</UniqueIdentifier>
    </Filter>
    <Filter Include="Kame\Platform\DirectX12\Graphics\Shaders\Compiled">
      <UniqueIdentifier>{D1C89CB1-3D8F-F9CD-86EA-8730F2EF6732}</UniqueIdentifier>
    </Filter>
    <Filter Include="Kame\Platform\DirectX12\ImGui">
      <UniqueIdentifier>{664F86E0-D267-6D0A-9B14-FDA307EC01A4}</UniqueIdentifier>
    </Filter>
    <Filter Include="Kame\Platform\DirectX12\Input">
      <UniqueIdentifier>{3B8A87E0-A7A2-6E0A-704F-FEA3DC2603A4}</UniqueIdentifier>
    </Filter>
    <Filter Include="Kame\Platform\DirectX12\Math">
      <UniqueIdentifier>{95E74BF7-81A2-3BA3-2A5A-B4ED16F48533}</UniqueIdentifier>
    </Filter>
    <Filter Include="Kame\Platform\GLFW">
      <UniqueIdentifier>{5630E136-4214-A28C-AB74-9CDF97778C0E}</UniqueIdentifier>
    </Filter>
    <Filter Include="Kame\Platform\OpenGl">
      <UniqueIdentifier>{2BC03489-174F-BE52-C06D-D24DACDBCEF8}</UniqueIdentifier>
    </Filter>
    <Filter Include="Kame\Platform\Win32">
      <UniqueIdentifier>{D94F3914-45B1-1622-CE1E-5DD43A7F4DE1}</UniqueIdentifier>
    </Filter>
    <Filter Include="Kame\Utility">
      <UniqueIdentifier>{46EC13EB-324F-A38F-DBD4-DB45C7166F12}</UniqueIdentifier>
    </Filter>
  </ItemGroup>
  <ItemGroup>
    <ClInclude Include="src\Kame.h" />
    <ClInclude Include="src\Kame\Core.h">
      <Filter>Kame</Filter>
    </ClInclude>
    <ClInclude Include="src\Kame\Entrypoint.h">
      <Filter>Kame</Filter>
    </ClInclude>
    <ClInclude Include="src\Kame\Events\ApplicationEvent.h">
      <Filter>Kame\Events</Filter>
    </ClInclude>
    <ClInclude Include="src\Kame\Events\Event.h">
      <Filter>Kame\Events</Filter>
    </ClInclude>
    <ClInclude Include="src\Kame\Events\KeyEvent.h">
      <Filter>Kame\Events</Filter>
    </ClInclude>
    <ClInclude Include="src\Kame\Events\MouseEvent.h">
      <Filter>Kame\Events</Filter>
    </ClInclude>
    <ClInclude Include="src\Kame\Graphics\Mesh.h">
      <Filter>Kame\Graphics</Filter>
    </ClInclude>
    <ClInclude Include="src\Kame\ImGui\ImGuiLayer.h">
      <Filter>Kame\ImGui</Filter>
    </ClInclude>
    <ClInclude Include="src\Kame\Input.h">
      <Filter>Kame</Filter>
    </ClInclude>
    <ClInclude Include="src\Kame\KeyCodes.h">
      <Filter>Kame</Filter>
    </ClInclude>
    <ClInclude Include="src\Kame\Layer.h">
      <Filter>Kame</Filter>
    </ClInclude>
    <ClInclude Include="src\Kame\LayerStack.h">
      <Filter>Kame</Filter>
    </ClInclude>
    <ClInclude Include="src\Kame\Log.h">
      <Filter>Kame</Filter>
    </ClInclude>
    <ClInclude Include="src\Kame\Math\MathCommon.h">
      <Filter>Kame\Math</Filter>
    </ClInclude>
    <ClInclude Include="src\Kame\Memory\Memory.h">
      <Filter>Kame\Memory</Filter>
    </ClInclude>
    <ClInclude Include="src\Kame\MouseButtonCodes.h">
      <Filter>Kame</Filter>
    </ClInclude>
    <ClInclude Include="src\Kame\Platform\DirectX12\Graphics\Shaders\Compiled\GenerateMips_CS.h">
      <Filter>Kame\Platform\DirectX12\Graphics\Shaders\Compiled</Filter>
    </ClInclude>
    <ClInclude Include="src\Kame\Platform\DirectX12\Graphics\Shaders\Compiled\PanoToCumbemap_CS.h">
      <Filter>Kame\Platform\DirectX12\Graphics\Shaders\Compiled</Filter>
    </ClInclude>
    <ClInclude Include="src\Kame\Platform\DirectX12\ImGui\ImGuiDX12Renderer.h">
      <Filter>Kame\Platform\DirectX12\ImGui</Filter>
    </ClInclude>
    <ClInclude Include="src\Kame\Platform\DirectX12\Math\DX12Math.h">
      <Filter>Kame\Platform\DirectX12\Math</Filter>
    </ClInclude>
    <ClInclude Include="src\Kame\Platform\DirectX12\Math\Vector3.h">
      <Filter>Kame\Platform\DirectX12\Math</Filter>
    </ClInclude>
    <ClInclude Include="src\Kame\Platform\GLFW\GLFWInput.h">
      <Filter>Kame\Platform\GLFW</Filter>
    </ClInclude>
    <ClInclude Include="src\Kame\Platform\GLFW\GLFWWindow.h">
      <Filter>Kame\Platform\GLFW</Filter>
    </ClInclude>
    <ClInclude Include="src\Kame\Platform\OpenGl\ImGuiOpenGLRenderer.h">
      <Filter>Kame\Platform\OpenGl</Filter>
    </ClInclude>
    <ClInclude Include="src\Kame\Utility\Hash.h">
      <Filter>Kame\Utility</Filter>
    </ClInclude>
    <ClInclude Include="src\Kame\Utility\ThreadSafeQueue.h">
      <Filter>Kame\Utility</Filter>
    </ClInclude>
    <ClInclude Include="src\Kame\VectorMath.h">
      <Filter>Kame</Filter>
    </ClInclude>
    <ClInclude Include="src\Kame\Window.h">
      <Filter>Kame</Filter>
    </ClInclude>
    <ClInclude Include="src\kmpch.h" />
    <ClInclude Include="src\Kame\Platform\DirectX12\Graphics\Buffer.h" />
    <ClInclude Include="src\Kame\Platform\DirectX12\Graphics\ByteAddressBuffer.h" />
    <ClInclude Include="src\Kame\Platform\DirectX12\Graphics\CommandList.h" />
    <ClInclude Include="src\Kame\Platform\DirectX12\Graphics\CommandQueue.h" />
    <ClInclude Include="src\Kame\Platform\DirectX12\Graphics\ConstantBuffer.h" />
    <ClInclude Include="src\Kame\Platform\DirectX12\Graphics\d3dx12.h" />
    <ClInclude Include="src\Kame\Platform\DirectX12\Graphics\Defines.h" />
    <ClInclude Include="src\Kame\Platform\DirectX12\Graphics\DescriptorAllocation.h" />
    <ClInclude Include="src\Kame\Platform\DirectX12\Graphics\DescriptorAllocator.h" />
    <ClInclude Include="src\Kame\Platform\DirectX12\Graphics\DescriptorAllocatorPage.h" />
    <ClInclude Include="src\Kame\Platform\DirectX12\Graphics\DX12LibPCH.h" />
    <ClInclude Include="src\Kame\Platform\DirectX12\Graphics\DynamicDescriptorHeap.h" />
    <ClInclude Include="src\Kame\Platform\DirectX12\Graphics\Events.h" />
    <ClInclude Include="src\Kame\Platform\DirectX12\Graphics\Game.h" />
    <ClInclude Include="src\Kame\Platform\DirectX12\Graphics\GenerateMipsPSO.h" />
    <ClInclude Include="src\Kame\Platform\DirectX12\Graphics\GUI.h" />
    <ClInclude Include="src\Kame\Platform\DirectX12\Graphics\Helpers.h" />
    <ClInclude Include="src\Kame\Platform\DirectX12\Graphics\HighResolutionClock.h" />
    <ClInclude Include="src\Kame\Platform\DirectX12\Graphics\imconfig.h" />
    <ClInclude Include="src\Kame\Platform\DirectX12\Graphics\imgui.h" />
    <ClInclude Include="src\Kame\Platform\DirectX12\Graphics\imgui_impl_win32.h" />
    <ClInclude Include="src\Kame\Platform\DirectX12\Graphics\imgui_internal.h" />
    <ClInclude Include="src\Kame\Platform\DirectX12\Graphics\imstb_rectpack.h" />
    <ClInclude Include="src\Kame\Platform\DirectX12\Graphics\imstb_textedit.h" />
    <ClInclude Include="src\Kame\Platform\DirectX12\Graphics\imstb_truetype.h" />
    <ClInclude Include="src\Kame\Platform\DirectX12\Graphics\IndexBuffer.h" />
    <ClInclude Include="src\Kame\Platform\DirectX12\Graphics\KeyCodes.h" />
    <ClInclude Include="src\Kame\Platform\DirectX12\Graphics\Mesh.h" />
    <ClInclude Include="src\Kame\Platform\DirectX12\Graphics\PanoToCubemapPSO.h" />
    <ClInclude Include="src\Kame\Platform\DirectX12\Graphics\RenderTarget.h" />
    <ClInclude Include="src\Kame\Platform\DirectX12\Graphics\Resource.h" />
    <ClInclude Include="src\Kame\Platform\DirectX12\Graphics\ResourceStateTracker.h" />
    <ClInclude Include="src\Kame\Platform\DirectX12\Graphics\RootSignature.h" />
    <ClInclude Include="src\Kame\Platform\DirectX12\Graphics\StructuredBuffer.h" />
    <ClInclude Include="src\Kame\Platform\DirectX12\Graphics\Texture.h" />
    <ClInclude Include="src\Kame\Platform\DirectX12\Graphics\TextureUsage.h" />
    <ClInclude Include="src\Kame\Platform\DirectX12\Graphics\ThreadSafeQueue.h" />
    <ClInclude Include="src\Kame\Platform\DirectX12\Graphics\UploadBuffer.h" />
    <ClInclude Include="src\Kame\Platform\DirectX12\Graphics\VertexBuffer.h" />
    <ClInclude Include="src\Kame\Platform\DirectX12\Graphics\Window.h" />
    <ClInclude Include="src\Kame\Platform\DirectX12\Graphics\DX12Core.h" />
  </ItemGroup>
  <ItemGroup>
    <ClCompile Include="src\Kame\Graphics\Mesh.cpp">
      <Filter>Kame\Graphics</Filter>
    </ClCompile>
    <ClCompile Include="src\Kame\ImGui\ImGuiLayer.cpp">
      <Filter>Kame\ImGui</Filter>
    </ClCompile>
    <ClCompile Include="src\Kame\Layer.cpp">
      <Filter>Kame</Filter>
    </ClCompile>
    <ClCompile Include="src\Kame\LayerStack.cpp">
      <Filter>Kame</Filter>
    </ClCompile>
    <ClCompile Include="src\Kame\Log.cpp">
      <Filter>Kame</Filter>
    </ClCompile>
    <ClCompile Include="src\Kame\Platform\DirectX12\ImGui\ImGuiDX12Renderer.cpp">
      <Filter>Kame\Platform\DirectX12\ImGui</Filter>
    </ClCompile>
    <ClCompile Include="src\Kame\Platform\GLFW\GLFWInput.cpp">
      <Filter>Kame\Platform\GLFW</Filter>
    </ClCompile>
    <ClCompile Include="src\Kame\Platform\GLFW\GLFWWindow.cpp">
      <Filter>Kame\Platform\GLFW</Filter>
    </ClCompile>
    <ClCompile Include="src\Kame\Platform\OpenGl\ImGuiOpenGLRenderer.cpp">
      <Filter>Kame\Platform\OpenGl</Filter>
    </ClCompile>
    <ClCompile Include="src\kmpch.cpp" />
    <ClCompile Include="src\Kame\Platform\DirectX12\Graphics\Buffer.cpp" />
    <ClCompile Include="src\Kame\Platform\DirectX12\Graphics\ByteAddressBuffer.cpp" />
    <ClCompile Include="src\Kame\Platform\DirectX12\Graphics\CommandList.cpp" />
    <ClCompile Include="src\Kame\Platform\DirectX12\Graphics\CommandQueue.cpp" />
    <ClCompile Include="src\Kame\Platform\DirectX12\Graphics\ConstantBuffer.cpp" />
    <ClCompile Include="src\Kame\Platform\DirectX12\Graphics\DescriptorAllocation.cpp" />
    <ClCompile Include="src\Kame\Platform\DirectX12\Graphics\DescriptorAllocator.cpp" />
    <ClCompile Include="src\Kame\Platform\DirectX12\Graphics\DescriptorAllocatorPage.cpp" />
    <ClCompile Include="src\Kame\Platform\DirectX12\Graphics\DX12LibPCH.cpp" />
    <ClCompile Include="src\Kame\Platform\DirectX12\Graphics\DynamicDescriptorHeap.cpp" />
    <ClCompile Include="src\Kame\Platform\DirectX12\Graphics\Game.cpp" />
    <ClCompile Include="src\Kame\Platform\DirectX12\Graphics\GenerateMipsPSO.cpp" />
    <ClCompile Include="src\Kame\Platform\DirectX12\Graphics\GUI.cpp" />
    <ClCompile Include="src\Kame\Platform\DirectX12\Graphics\HighResolutionClock.cpp" />
    <ClCompile Include="src\Kame\Platform\DirectX12\Graphics\imgui.cpp" />
    <ClCompile Include="src\Kame\Platform\DirectX12\Graphics\imgui_demo.cpp" />
    <ClCompile Include="src\Kame\Platform\DirectX12\Graphics\imgui_draw.cpp" />
    <ClCompile Include="src\Kame\Platform\DirectX12\Graphics\imgui_impl_win32.cpp" />
    <ClCompile Include="src\Kame\Platform\DirectX12\Graphics\imgui_widgets.cpp" />
    <ClCompile Include="src\Kame\Platform\DirectX12\Graphics\IndexBuffer.cpp" />
    <ClCompile Include="src\Kame\Platform\DirectX12\Graphics\Mesh.cpp" />
    <ClCompile Include="src\Kame\Platform\DirectX12\Graphics\PanoToCubemapPSO.cpp" />
    <ClCompile Include="src\Kame\Platform\DirectX12\Graphics\RenderTarget.cpp" />
    <ClCompile Include="src\Kame\Platform\DirectX12\Graphics\Resource.cpp" />
    <ClCompile Include="src\Kame\Platform\DirectX12\Graphics\ResourceStateTracker.cpp" />
    <ClCompile Include="src\Kame\Platform\DirectX12\Graphics\RootSignature.cpp" />
    <ClCompile Include="src\Kame\Platform\DirectX12\Graphics\StructuredBuffer.cpp" />
    <ClCompile Include="src\Kame\Platform\DirectX12\Graphics\Texture.cpp" />
    <ClCompile Include="src\Kame\Platform\DirectX12\Graphics\UploadBuffer.cpp" />
    <ClCompile Include="src\Kame\Platform\DirectX12\Graphics\VertexBuffer.cpp" />
    <ClCompile Include="src\Kame\Platform\DirectX12\Graphics\Window.cpp" />
    <ClCompile Include="src\Kame\Platform\DirectX12\Graphics\DX12Core.cpp" />
  </ItemGroup>
  <ItemGroup>
    <FxCompile Include="src\Kame\Platform\DirectX12\Graphics\Resources\Shaders\GenerateMips_CS.hlsl" />
    <FxCompile Include="src\Kame\Platform\DirectX12\Graphics\Resources\Shaders\ImGUI_PS.hlsl" />
    <FxCompile Include="src\Kame\Platform\DirectX12\Graphics\Resources\Shaders\ImGUI_VS.hlsl" />
    <FxCompile Include="src\Kame\Platform\DirectX12\Graphics\Resources\Shaders\PanoToCubemap_CS.hlsl" />
  </ItemGroup>
</Project>