<?xml version="1.0" encoding="utf-8"?>
<Project ToolsVersion="4.0" xmlns="http://schemas.microsoft.com/developer/msbuild/2003">
  <ItemGroup>
    <Filter Include="Kame">
      <UniqueIdentifier>{03DB877C-EF11-890D-98FE-6E108414050F}</UniqueIdentifier>
    </Filter>
  </ItemGroup>
  <ItemGroup>
    <ClInclude Include="src\Kame.h" />
    <ClInclude Include="src\Kame\Application.h">
      <Filter>Kame</Filter>
    </ClInclude>
    <ClInclude Include="src\Kame\Core.h">
      <Filter>Kame</Filter>
    </ClInclude>
    <ClInclude Include="src\Kame\Entrypoint.h">
      <Filter>Kame</Filter>
    </ClInclude>
    <ClInclude Include="src\Kame\Log.h">
      <Filter>Kame</Filter>
    </ClInclude>
  </ItemGroup>
  <ItemGroup>
    <ClCompile Include="src\Kame\Application.cpp">
      <Filter>Kame</Filter>
    </ClCompile>
    <ClCompile Include="src\Kame\Log.cpp">
      <Filter>Kame</Filter>
    </ClCompile>
  </ItemGroup>
</Project>